// !$*UTF8*$!
{
	archiveVersion = 1;
	classes = {
	};
	objectVersion = 77;
	objects = {

/* Begin PBXBuildFile section */
		B0B398C92F1782F4000E1463 /* MonthCalendarView.swift in Sources */ = {isa = PBXBuildFile; fileRef = B0B398C82F1782F4000E1463 /* MonthCalendarView.swift */; };
		B0B398CB2F178303000E1463 /* DayCellView.swift in Sources */ = {isa = PBXBuildFile; fileRef = B0B398CA2F178303000E1463 /* DayCellView.swift */; };
		B0B398CD2F17830D000E1463 /* DayDetailSheet.swift in Sources */ = {isa = PBXBuildFile; fileRef = B0B398CC2F17830D000E1463 /* DayDetailSheet.swift */; };
		B0B398CE2F178623000E1463 /* HomeView.swift in Sources */ = {isa = PBXBuildFile; fileRef = B0B398C72F1782D3000E1463 /* HomeView.swift */; };
		B0B398CF2F178B83000E1463 /* Money.swift in Sources */ = {isa = PBXBuildFile; fileRef = B0B398C62F17788A000E1463 /* Money.swift */; };
		B0B398D02F178BB4000E1463 /* MockData.swift in Sources */ = {isa = PBXBuildFile; fileRef = B0B398C52F174709000E1463 /* MockData.swift */; };
		B0B398D12F178BB8000E1463 /* DaySummary.swift in Sources */ = {isa = PBXBuildFile; fileRef = B0B398C42F1746B5000E1463 /* DaySummary.swift */; };
		B0B398D22F178BBE000E1463 /* Transaction.swift in Sources */ = {isa = PBXBuildFile; fileRef = B0B398C32F1745F6000E1463 /* Transaction.swift */; };
		B0B398D42F188B8B000E1463 /* TransactionStore.swift in Sources */ = {isa = PBXBuildFile; fileRef = B0B398D32F188B8B000E1463 /* TransactionStore.swift */; };
		B0B398D62F18C46F000E1463 /* AddTransactionView.swift in Sources */ = {isa = PBXBuildFile; fileRef = B0B398D52F18C46F000E1463 /* AddTransactionView.swift */; };
/* End PBXBuildFile section */

/* Begin PBXFileReference section */
		B0B398AF2F17445A000E1463 /* LikeLionBudget.app */ = {isa = PBXFileReference; explicitFileType = wrapper.application; includeInIndex = 0; path = LikeLionBudget.app; sourceTree = BUILT_PRODUCTS_DIR; };
		B0B398C32F1745F6000E1463 /* Transaction.swift */ = {isa = PBXFileReference; lastKnownFileType = sourcecode.swift; path = Transaction.swift; sourceTree = "<group>"; };
		B0B398C42F1746B5000E1463 /* DaySummary.swift */ = {isa = PBXFileReference; lastKnownFileType = sourcecode.swift; path = DaySummary.swift; sourceTree = "<group>"; };
		B0B398C52F174709000E1463 /* MockData.swift */ = {isa = PBXFileReference; lastKnownFileType = sourcecode.swift; path = MockData.swift; sourceTree = "<group>"; };
		B0B398C62F17788A000E1463 /* Money.swift */ = {isa = PBXFileReference; lastKnownFileType = sourcecode.swift; path = Money.swift; sourceTree = "<group>"; };
		B0B398C72F1782D3000E1463 /* HomeView.swift */ = {isa = PBXFileReference; lastKnownFileType = sourcecode.swift; path = HomeView.swift; sourceTree = "<group>"; };
		B0B398C82F1782F4000E1463 /* MonthCalendarView.swift */ = {isa = PBXFileReference; lastKnownFileType = sourcecode.swift; path = MonthCalendarView.swift; sourceTree = "<group>"; };
		B0B398CA2F178303000E1463 /* DayCellView.swift */ = {isa = PBXFileReference; lastKnownFileType = sourcecode.swift; path = DayCellView.swift; sourceTree = "<group>"; };
		B0B398CC2F17830D000E1463 /* DayDetailSheet.swift */ = {isa = PBXFileReference; lastKnownFileType = sourcecode.swift; path = DayDetailSheet.swift; sourceTree = "<group>"; };
		B0B398D32F188B8B000E1463 /* TransactionStore.swift */ = {isa = PBXFileReference; lastKnownFileType = sourcecode.swift; path = TransactionStore.swift; sourceTree = "<group>"; };
		B0B398D52F18C46F000E1463 /* AddTransactionView.swift */ = {isa = PBXFileReference; lastKnownFileType = sourcecode.swift; path = AddTransactionView.swift; sourceTree = "<group>"; };
/* End PBXFileReference section */

/* Begin PBXFileSystemSynchronizedRootGroup section */
		B0B398B12F17445A000E1463 /* LikeLionBudget */ = {
			isa = PBXFileSystemSynchronizedRootGroup;
			path = LikeLionBudget;
			sourceTree = "<group>";
		};
/* End PBXFileSystemSynchronizedRootGroup section */

/* Begin PBXFrameworksBuildPhase section */
		B0B398AC2F17445A000E1463 /* Frameworks */ = {
			isa = PBXFrameworksBuildPhase;
			buildActionMask = 2147483647;
			files = (
			);
			runOnlyForDeploymentPostprocessing = 0;
		};
/* End PBXFrameworksBuildPhase section */

/* Begin PBXGroup section */
		B0B398A62F17445A000E1463 = {
			isa = PBXGroup;
			children = (
				B0B398BE2F17452F000E1463 /* Features */,
				B0B398BD2F174525000E1463 /* Model */,
				B0B398B12F17445A000E1463 /* LikeLionBudget */,
				B0B398B02F17445A000E1463 /* Products */,
			);
			sourceTree = "<group>";
		};
		B0B398B02F17445A000E1463 /* Products */ = {
			isa = PBXGroup;
			children = (
				B0B398AF2F17445A000E1463 /* LikeLionBudget.app */,
			);
			name = Products;
			sourceTree = "<group>";
		};
		B0B398BD2F174525000E1463 /* Model */ = {
			isa = PBXGroup;
			children = (
				B0B398C62F17788A000E1463 /* Money.swift */,
				B0B398C52F174709000E1463 /* MockData.swift */,
				B0B398C42F1746B5000E1463 /* DaySummary.swift */,
				B0B398C32F1745F6000E1463 /* Transaction.swift */,
				B0B398D32F188B8B000E1463 /* TransactionStore.swift */,
			);
			path = Model;
			sourceTree = "<group>";
		};
		B0B398BE2F17452F000E1463 /* Features */ = {
			isa = PBXGroup;
			children = (
				B0B398C22F174572000E1463 /* Transactions */,
				B0B398C12F17456C000E1463 /* Calendar */,
				B0B398C02F174566000E1463 /* Home */,
			);
			path = Features;
			sourceTree = "<group>";
		};
		B0B398C02F174566000E1463 /* Home */ = {
			isa = PBXGroup;
			children = (
				B0B398C72F1782D3000E1463 /* HomeView.swift */,
			);
			path = Home;
			sourceTree = "<group>";
		};
		B0B398C12F17456C000E1463 /* Calendar */ = {
			isa = PBXGroup;
			children = (
				B0B398C82F1782F4000E1463 /* MonthCalendarView.swift */,
				B0B398CA2F178303000E1463 /* DayCellView.swift */,
			);
			path = Calendar;
			sourceTree = "<group>";
		};
		B0B398C22F174572000E1463 /* Transactions */ = {
			isa = PBXGroup;
			children = (
				B0B398CC2F17830D000E1463 /* DayDetailSheet.swift */,
				B0B398D52F18C46F000E1463 /* AddTransactionView.swift */,
			);
			path = Transactions;
			sourceTree = "<group>";
		};
/* End PBXGroup section */

/* Begin PBXNativeTarget section */
		B0B398AE2F17445A000E1463 /* LikeLionBudget */ = {
			isa = PBXNativeTarget;
			buildConfigurationList = B0B398BA2F17445C000E1463 /* Build configuration list for PBXNativeTarget "LikeLionBudget" */;
			buildPhases = (
				B0B398AB2F17445A000E1463 /* Sources */,
				B0B398AC2F17445A000E1463 /* Frameworks */,
				B0B398AD2F17445A000E1463 /* Resources */,
			);
			buildRules = (
			);
			dependencies = (
			);
			fileSystemSynchronizedGroups = (
				B0B398B12F17445A000E1463 /* LikeLionBudget */,
			);
			name = LikeLionBudget;
			packageProductDependencies = (
			);
			productName = LikeLionBudget;
			productReference = B0B398AF2F17445A000E1463 /* LikeLionBudget.app */;
			productType = "com.apple.product-type.application";
		};
/* End PBXNativeTarget section */

/* Begin PBXProject section */
		B0B398A72F17445A000E1463 /* Project object */ = {
			isa = PBXProject;
			attributes = {
				BuildIndependentTargetsInParallel = 1;
				LastSwiftUpdateCheck = 2620;
				LastUpgradeCheck = 2620;
				TargetAttributes = {
					B0B398AE2F17445A000E1463 = {
						CreatedOnToolsVersion = 26.2;
					};
				};
			};
			buildConfigurationList = B0B398AA2F17445A000E1463 /* Build configuration list for PBXProject "LikeLionBudget" */;
			developmentRegion = en;
			hasScannedForEncodings = 0;
			knownRegions = (
				en,
				Base,
			);
			mainGroup = B0B398A62F17445A000E1463;
			minimizedProjectReferenceProxies = 1;
			preferredProjectObjectVersion = 77;
			productRefGroup = B0B398B02F17445A000E1463 /* Products */;
			projectDirPath = "";
			projectRoot = "";
			targets = (
				B0B398AE2F17445A000E1463 /* LikeLionBudget */,
			);
		};
/* End PBXProject section */

/* Begin PBXResourcesBuildPhase section */
		B0B398AD2F17445A000E1463 /* Resources */ = {
			isa = PBXResourcesBuildPhase;
			buildActionMask = 2147483647;
			files = (
			);
			runOnlyForDeploymentPostprocessing = 0;
		};
/* End PBXResourcesBuildPhase section */

/* Begin PBXSourcesBuildPhase section */
		B0B398AB2F17445A000E1463 /* Sources */ = {
			isa = PBXSourcesBuildPhase;
			buildActionMask = 2147483647;
			files = (
				B0B398D42F188B8B000E1463 /* TransactionStore.swift in Sources */,
				B0B398D12F178BB8000E1463 /* DaySummary.swift in Sources */,
				B0B398CB2F178303000E1463 /* DayCellView.swift in Sources */,
				B0B398CF2F178B83000E1463 /* Money.swift in Sources */,
				B0B398D22F178BBE000E1463 /* Transaction.swift in Sources */,
				B0B398CD2F17830D000E1463 /* DayDetailSheet.swift in Sources */,
				B0B398CE2F178623000E1463 /* HomeView.swift in Sources */,
				B0B398D02F178BB4000E1463 /* MockData.swift in Sources */,
				B0B398D62F18C46F000E1463 /* AddTransactionView.swift in Sources */,
				B0B398C92F1782F4000E1463 /* MonthCalendarView.swift in Sources */,
			);
			runOnlyForDeploymentPostprocessing = 0;
		};
/* End PBXSourcesBuildPhase section */

/* Begin XCBuildConfiguration section */
		B0B398B82F17445C000E1463 /* Debug */ = {
			isa = XCBuildConfiguration;
			buildSettings = {
				ALWAYS_SEARCH_USER_PATHS = NO;
				ASSETCATALOG_COMPILER_GENERATE_SWIFT_ASSET_SYMBOL_EXTENSIONS = YES;
				CLANG_ANALYZER_NONNULL = YES;
				CLANG_ANALYZER_NUMBER_OBJECT_CONVERSION = YES_AGGRESSIVE;
				CLANG_CXX_LANGUAGE_STANDARD = "gnu++20";
				CLANG_ENABLE_MODULES = YES;
				CLANG_ENABLE_OBJC_ARC = YES;
				CLANG_ENABLE_OBJC_WEAK = YES;
				CLANG_WARN_BLOCK_CAPTURE_AUTORELEASING = YES;
				CLANG_WARN_BOOL_CONVERSION = YES;
				CLANG_WARN_COMMA = YES;
				CLANG_WARN_CONSTANT_CONVERSION = YES;
				CLANG_WARN_DEPRECATED_OBJC_IMPLEMENTATIONS = YES;
				CLANG_WARN_DIRECT_OBJC_ISA_USAGE = YES_ERROR;
				CLANG_WARN_DOCUMENTATION_COMMENTS = YES;
				CLANG_WARN_EMPTY_BODY = YES;
				CLANG_WARN_ENUM_CONVERSION = YES;
				CLANG_WARN_INFINITE_RECURSION = YES;
				CLANG_WARN_INT_CONVERSION = YES;
				CLANG_WARN_NON_LITERAL_NULL_CONVERSION = YES;
				CLANG_WARN_OBJC_IMPLICIT_RETAIN_SELF = YES;
				CLANG_WARN_OBJC_LITERAL_CONVERSION = YES;
				CLANG_WARN_OBJC_ROOT_CLASS = YES_ERROR;
				CLANG_WARN_QUOTED_INCLUDE_IN_FRAMEWORK_HEADER = YES;
				CLANG_WARN_RANGE_LOOP_ANALYSIS = YES;
				CLANG_WARN_STRICT_PROTOTYPES = YES;
				CLANG_WARN_SUSPICIOUS_MOVE = YES;
				CLANG_WARN_UNGUARDED_AVAILABILITY = YES_AGGRESSIVE;
				CLANG_WARN_UNREACHABLE_CODE = YES;
				CLANG_WARN__DUPLICATE_METHOD_MATCH = YES;
				COPY_PHASE_STRIP = NO;
				DEBUG_INFORMATION_FORMAT = dwarf;
				ENABLE_STRICT_OBJC_MSGSEND = YES;
				ENABLE_TESTABILITY = YES;
				ENABLE_USER_SCRIPT_SANDBOXING = YES;
				GCC_C_LANGUAGE_STANDARD = gnu17;
				GCC_DYNAMIC_NO_PIC = NO;
				GCC_NO_COMMON_BLOCKS = YES;
				GCC_OPTIMIZATION_LEVEL = 0;
				GCC_PREPROCESSOR_DEFINITIONS = (
					"DEBUG=1",
					"$(inherited)",
				);
				GCC_WARN_64_TO_32_BIT_CONVERSION = YES;
				GCC_WARN_ABOUT_RETURN_TYPE = YES_ERROR;
				GCC_WARN_UNDECLARED_SELECTOR = YES;
				GCC_WARN_UNINITIALIZED_AUTOS = YES_AGGRESSIVE;
				GCC_WARN_UNUSED_FUNCTION = YES;
				GCC_WARN_UNUSED_VARIABLE = YES;
				IPHONEOS_DEPLOYMENT_TARGET = 26.2;
				LOCALIZATION_PREFERS_STRING_CATALOGS = YES;
				MTL_ENABLE_DEBUG_INFO = INCLUDE_SOURCE;
				MTL_FAST_MATH = YES;
				ONLY_ACTIVE_ARCH = YES;
				SDKROOT = iphoneos;
				SWIFT_ACTIVE_COMPILATION_CONDITIONS = "DEBUG $(inherited)";
				SWIFT_OPTIMIZATION_LEVEL = "-Onone";
			};
			name = Debug;
		};
		B0B398B92F17445C000E1463 /* Release */ = {
			isa = XCBuildConfiguration;
			buildSettings = {
				ALWAYS_SEARCH_USER_PATHS = NO;
				ASSETCATALOG_COMPILER_GENERATE_SWIFT_ASSET_SYMBOL_EXTENSIONS = YES;
				CLANG_ANALYZER_NONNULL = YES;
				CLANG_ANALYZER_NUMBER_OBJECT_CONVERSION = YES_AGGRESSIVE;
				CLANG_CXX_LANGUAGE_STANDARD = "gnu++20";
				CLANG_ENABLE_MODULES = YES;
				CLANG_ENABLE_OBJC_ARC = YES;
				CLANG_ENABLE_OBJC_WEAK = YES;
				CLANG_WARN_BLOCK_CAPTURE_AUTORELEASING = YES;
				CLANG_WARN_BOOL_CONVERSION = YES;
				CLANG_WARN_COMMA = YES;
				CLANG_WARN_CONSTANT_CONVERSION = YES;
				CLANG_WARN_DEPRECATED_OBJC_IMPLEMENTATIONS = YES;
				CLANG_WARN_DIRECT_OBJC_ISA_USAGE = YES_ERROR;
				CLANG_WARN_DOCUMENTATION_COMMENTS = YES;
				CLANG_WARN_EMPTY_BODY = YES;
				CLANG_WARN_ENUM_CONVERSION = YES;
				CLANG_WARN_INFINITE_RECURSION = YES;
				CLANG_WARN_INT_CONVERSION = YES;
				CLANG_WARN_NON_LITERAL_NULL_CONVERSION = YES;
				CLANG_WARN_OBJC_IMPLICIT_RETAIN_SELF = YES;
				CLANG_WARN_OBJC_LITERAL_CONVERSION = YES;
				CLANG_WARN_OBJC_ROOT_CLASS = YES_ERROR;
				CLANG_WARN_QUOTED_INCLUDE_IN_FRAMEWORK_HEADER = YES;
				CLANG_WARN_RANGE_LOOP_ANALYSIS = YES;
				CLANG_WARN_STRICT_PROTOTYPES = YES;
				CLANG_WARN_SUSPICIOUS_MOVE = YES;
				CLANG_WARN_UNGUARDED_AVAILABILITY = YES_AGGRESSIVE;
				CLANG_WARN_UNREACHABLE_CODE = YES;
				CLANG_WARN__DUPLICATE_METHOD_MATCH = YES;
				COPY_PHASE_STRIP = NO;
				DEBUG_INFORMATION_FORMAT = "dwarf-with-dsym";
				ENABLE_NS_ASSERTIONS = NO;
				ENABLE_STRICT_OBJC_MSGSEND = YES;
				ENABLE_USER_SCRIPT_SANDBOXING = YES;
				GCC_C_LANGUAGE_STANDARD = gnu17;
				GCC_NO_COMMON_BLOCKS = YES;
				GCC_WARN_64_TO_32_BIT_CONVERSION = YES;
				GCC_WARN_ABOUT_RETURN_TYPE = YES_ERROR;
				GCC_WARN_UNDECLARED_SELECTOR = YES;
				GCC_WARN_UNINITIALIZED_AUTOS = YES_AGGRESSIVE;
				GCC_WARN_UNUSED_FUNCTION = YES;
				GCC_WARN_UNUSED_VARIABLE = YES;
				IPHONEOS_DEPLOYMENT_TARGET = 26.2;
				LOCALIZATION_PREFERS_STRING_CATALOGS = YES;
				MTL_ENABLE_DEBUG_INFO = NO;
				MTL_FAST_MATH = YES;
				SDKROOT = iphoneos;
				SWIFT_COMPILATION_MODE = wholemodule;
				VALIDATE_PRODUCT = YES;
			};
			name = Release;
		};
		B0B398BB2F17445C000E1463 /* Debug */ = {
			isa = XCBuildConfiguration;
			buildSettings = {
				ASSETCATALOG_COMPILER_APPICON_NAME = AppIcon;
				ASSETCATALOG_COMPILER_GLOBAL_ACCENT_COLOR_NAME = AccentColor;
				CODE_SIGN_STYLE = Automatic;
				CURRENT_PROJECT_VERSION = 1;
				ENABLE_PREVIEWS = YES;
				GENERATE_INFOPLIST_FILE = YES;
				INFOPLIST_KEY_UIApplicationSceneManifest_Generation = YES;
				INFOPLIST_KEY_UIApplicationSupportsIndirectInputEvents = YES;
				INFOPLIST_KEY_UILaunchScreen_Generation = YES;
				INFOPLIST_KEY_UISupportedInterfaceOrientations_iPad = "UIInterfaceOrientationPortrait UIInterfaceOrientationPortraitUpsideDown UIInterfaceOrientationLandscapeLeft UIInterfaceOrientationLandscapeRight";
				INFOPLIST_KEY_UISupportedInterfaceOrientations_iPhone = "UIInterfaceOrientationPortrait UIInterfaceOrientationLandscapeLeft UIInterfaceOrientationLandscapeRight";
				IPHONEOS_DEPLOYMENT_TARGET = 17.6;
				LD_RUNPATH_SEARCH_PATHS = (
					"$(inherited)",
					"@executable_path/Frameworks",
				);
				MARKETING_VERSION = 1.0;
				PRODUCT_BUNDLE_IDENTIFIER = com.samuelkim.LikeLionBudget;
				PRODUCT_NAME = "$(TARGET_NAME)";
				STRING_CATALOG_GENERATE_SYMBOLS = YES;
				SWIFT_APPROACHABLE_CONCURRENCY = YES;
				SWIFT_DEFAULT_ACTOR_ISOLATION = MainActor;
				SWIFT_EMIT_LOC_STRINGS = YES;
				SWIFT_UPCOMING_FEATURE_MEMBER_IMPORT_VISIBILITY = YES;
				SWIFT_VERSION = 5.0;
				TARGETED_DEVICE_FAMILY = "1,2";
			};
			name = Debug;
		};
		B0B398BC2F17445C000E1463 /* Release */ = {
			isa = XCBuildConfiguration;
			buildSettings = {
				ASSETCATALOG_COMPILER_APPICON_NAME = AppIcon;
				ASSETCATALOG_COMPILER_GLOBAL_ACCENT_COLOR_NAME = AccentColor;
				CODE_SIGN_STYLE = Automatic;
				CURRENT_PROJECT_VERSION = 1;
				ENABLE_PREVIEWS = YES;
				GENERATE_INFOPLIST_FILE = YES;
				INFOPLIST_KEY_UIApplicationSceneManifest_Generation = YES;
				INFOPLIST_KEY_UIApplicationSupportsIndirectInputEvents = YES;
				INFOPLIST_KEY_UILaunchScreen_Generation = YES;
				INFOPLIST_KEY_UISupportedInterfaceOrientations_iPad = "UIInterfaceOrientationPortrait UIInterfaceOrientationPortraitUpsideDown UIInterfaceOrientationLandscapeLeft UIInterfaceOrientationLandscapeRight";
				INFOPLIST_KEY_UISupportedInterfaceOrientations_iPhone = "UIInterfaceOrientationPortrait UIInterfaceOrientationLandscapeLeft UIInterfaceOrientationLandscapeRight";
				IPHONEOS_DEPLOYMENT_TARGET = 17.6;
				LD_RUNPATH_SEARCH_PATHS = (
					"$(inherited)",
					"@executable_path/Frameworks",
				);
				MARKETING_VERSION = 1.0;
				PRODUCT_BUNDLE_IDENTIFIER = com.samuelkim.LikeLionBudget;
				PRODUCT_NAME = "$(TARGET_NAME)";
				STRING_CATALOG_GENERATE_SYMBOLS = YES;
				SWIFT_APPROACHABLE_CONCURRENCY = YES;
				SWIFT_DEFAULT_ACTOR_ISOLATION = MainActor;
				SWIFT_EMIT_LOC_STRINGS = YES;
				SWIFT_UPCOMING_FEATURE_MEMBER_IMPORT_VISIBILITY = YES;
				SWIFT_VERSION = 5.0;
				TARGETED_DEVICE_FAMILY = "1,2";
			};
			name = Release;
		};
/* End XCBuildConfiguration section */

/* Begin XCConfigurationList section */
		B0B398AA2F17445A000E1463 /* Build configuration list for PBXProject "LikeLionBudget" */ = {
			isa = XCConfigurationList;
			buildConfigurations = (
				B0B398B82F17445C000E1463 /* Debug */,
				B0B398B92F17445C000E1463 /* Release */,
			);
			defaultConfigurationIsVisible = 0;
			defaultConfigurationName = Release;
		};
		B0B398BA2F17445C000E1463 /* Build configuration list for PBXNativeTarget "LikeLionBudget" */ = {
			isa = XCConfigurationList;
			buildConfigurations = (
				B0B398BB2F17445C000E1463 /* Debug */,
				B0B398BC2F17445C000E1463 /* Release */,
			);
			defaultConfigurationIsVisible = 0;
			defaultConfigurationName = Release;
		};
/* End XCConfigurationList section */
	};
	rootObject = B0B398A72F17445A000E1463 /* Project object */;
}
